
Microsoft Visual Studio Solution File, Format Version 12.00
# Visual Studio Version 17
VisualStudioVersion = 17.0.31903.59
MinimumVisualStudioVersion = 10.0.40219.1
Project("{2150E333-8FDC-42A3-9474-1A3956D46DE8}") = "src", "src", "{51219B0E-44AE-4A0F-8215-7340CBB19C37}"
EndProject
Project("{FAE04EC0-301F-11D3-BF4B-00C04F79EFBC}") = "Api", "src\Api\Api.csproj", "{05311020-4A35-4CD2-998B-A00F6A462044}"
EndProject
Project("{FAE04EC0-301F-11D3-BF4B-00C04F79EFBC}") = "AppHost", "src\AppHost\AppHost.csproj", "{3D69A269-2B3B-44A1-B8C6-5343612E6B7B}"
EndProject
Project("{FAE04EC0-301F-11D3-BF4B-00C04F79EFBC}") = "Processor", "src\Processor\Processor.csproj", "{6BA92AB1-9849-4EE9-B037-0FC5944DA42E}"
EndProject
Project("{FAE04EC0-301F-11D3-BF4B-00C04F79EFBC}") = "ServiceDefaults", "src\ServiceDefaults\ServiceDefaults.csproj", "{5992531F-8F1F-4CAD-9DB3-F0BFB437A7FD}"
EndProject
Project("{FAE04EC0-301F-11D3-BF4B-00C04F79EFBC}") = "Contracts", "src\Contracts\Contracts.csproj", "{C684B2C0-0FBD-447C-9B5D-8CF5775ACA8C}"
EndProject
Global
	GlobalSection(SolutionConfigurationPlatforms) = preSolution
		Debug|Any CPU = Debug|Any CPU
		Release|Any CPU = Release|Any CPU
	EndGlobalSection
	GlobalSection(ProjectConfigurationPlatforms) = postSolution
		{05311020-4A35-4CD2-998B-A00F6A462044}.Debug|Any CPU.ActiveCfg = Debug|Any CPU
		{05311020-4A35-4CD2-998B-A00F6A462044}.Debug|Any CPU.Build.0 = Debug|Any CPU
		{05311020-4A35-4CD2-998B-A00F6A462044}.Release|Any CPU.ActiveCfg = Release|Any CPU
		{05311020-4A35-4CD2-998B-A00F6A462044}.Release|Any CPU.Build.0 = Release|Any CPU
		{3D69A269-2B3B-44A1-B8C6-5343612E6B7B}.Debug|Any CPU.ActiveCfg = Debug|Any CPU
		{3D69A269-2B3B-44A1-B8C6-5343612E6B7B}.Debug|Any CPU.Build.0 = Debug|Any CPU
		{3D69A269-2B3B-44A1-B8C6-5343612E6B7B}.Release|Any CPU.ActiveCfg = Release|Any CPU
		{3D69A269-2B3B-44A1-B8C6-5343612E6B7B}.Release|Any CPU.Build.0 = Release|Any CPU
		{6BA92AB1-9849-4EE9-B037-0FC5944DA42E}.Debug|Any CPU.ActiveCfg = Debug|Any CPU
		{6BA92AB1-9849-4EE9-B037-0FC5944DA42E}.Debug|Any CPU.Build.0 = Debug|Any CPU
		{6BA92AB1-9849-4EE9-B037-0FC5944DA42E}.Release|Any CPU.ActiveCfg = Release|Any CPU
		{6BA92AB1-9849-4EE9-B037-0FC5944DA42E}.Release|Any CPU.Build.0 = Release|Any CPU
		{5992531F-8F1F-4CAD-9DB3-F0BFB437A7FD}.Debug|Any CPU.ActiveCfg = Debug|Any CPU
		{5992531F-8F1F-4CAD-9DB3-F0BFB437A7FD}.Debug|Any CPU.Build.0 = Debug|Any CPU
		{5992531F-8F1F-4CAD-9DB3-F0BFB437A7FD}.Release|Any CPU.ActiveCfg = Release|Any CPU
		{5992531F-8F1F-4CAD-9DB3-F0BFB437A7FD}.Release|Any CPU.Build.0 = Release|Any CPU
		{C684B2C0-0FBD-447C-9B5D-8CF5775ACA8C}.Debug|Any CPU.ActiveCfg = Debug|Any CPU
		{C684B2C0-0FBD-447C-9B5D-8CF5775ACA8C}.Debug|Any CPU.Build.0 = Debug|Any CPU
		{C684B2C0-0FBD-447C-9B5D-8CF5775ACA8C}.Release|Any CPU.ActiveCfg = Release|Any CPU
		{C684B2C0-0FBD-447C-9B5D-8CF5775ACA8C}.Release|Any CPU.Build.0 = Release|Any CPU
	EndGlobalSection
	GlobalSection(SolutionProperties) = preSolution
		HideSolutionNode = FALSE
	EndGlobalSection
	GlobalSection(NestedProjects) = preSolution
		{05311020-4A35-4CD2-998B-A00F6A462044} = {51219B0E-44AE-4A0F-8215-7340CBB19C37}
		{3D69A269-2B3B-44A1-B8C6-5343612E6B7B} = {51219B0E-44AE-4A0F-8215-7340CBB19C37}
		{6BA92AB1-9849-4EE9-B037-0FC5944DA42E} = {51219B0E-44AE-4A0F-8215-7340CBB19C37}
		{5992531F-8F1F-4CAD-9DB3-F0BFB437A7FD} = {51219B0E-44AE-4A0F-8215-7340CBB19C37}
		{C684B2C0-0FBD-447C-9B5D-8CF5775ACA8C} = {51219B0E-44AE-4A0F-8215-7340CBB19C37}
	EndGlobalSection
EndGlobal
